// !$*UTF8*$!
{
	archiveVersion = 1;
	classes = {
	};
	objectVersion = 56;
	objects = {

/* Begin PBXBuildFile section */
		41302CEE2C684D8600E51F04 /* AppDelegate.swift in Sources */ = {isa = PBXBuildFile; fileRef = 41302CED2C684D8600E51F04 /* AppDelegate.swift */; };
		41302CF02C684D8600E51F04 /* SceneDelegate.swift in Sources */ = {isa = PBXBuildFile; fileRef = 41302CEF2C684D8600E51F04 /* SceneDelegate.swift */; };
		41302CF72C684D8700E51F04 /* Assets.xcassets in Resources */ = {isa = PBXBuildFile; fileRef = 41302CF62C684D8700E51F04 /* Assets.xcassets */; };
		41302CFA2C684D8700E51F04 /* Base in Resources */ = {isa = PBXBuildFile; fileRef = 41302CF92C684D8700E51F04 /* Base */; };
		413932352C68E90600BDCB27 /* HomeCoordinator.swift in Sources */ = {isa = PBXBuildFile; fileRef = 413932342C68E90600BDCB27 /* HomeCoordinator.swift */; };
		413932392C68E93B00BDCB27 /* HomeViewController.swift in Sources */ = {isa = PBXBuildFile; fileRef = 413932382C68E93B00BDCB27 /* HomeViewController.swift */; };
		4139323F2C68EBBA00BDCB27 /* FeedCoordinator.swift in Sources */ = {isa = PBXBuildFile; fileRef = 4139323E2C68EBBA00BDCB27 /* FeedCoordinator.swift */; };
		413932412C68EC4000BDCB27 /* FeedViewController.swift in Sources */ = {isa = PBXBuildFile; fileRef = 413932402C68EC4000BDCB27 /* FeedViewController.swift */; };
		413A44832C6F8A39009A7A3A /* SpentState.swift in Sources */ = {isa = PBXBuildFile; fileRef = 413A44822C6F8A39009A7A3A /* SpentState.swift */; };
		4187BDA92C700830004A9A58 /* UITextField.swift in Sources */ = {isa = PBXBuildFile; fileRef = 4187BDA82C700830004A9A58 /* UITextField.swift */; };
		41A4BAF02C6CE928000B01C6 /* FeedTableViewCell.swift in Sources */ = {isa = PBXBuildFile; fileRef = 41A4BAEF2C6CE928000B01C6 /* FeedTableViewCell.swift */; };
		41A4BAF32C6D82B1000B01C6 /* FeedViewModel.swift in Sources */ = {isa = PBXBuildFile; fileRef = 41A4BAF22C6D82B1000B01C6 /* FeedViewModel.swift */; };
		41A4BAF52C6D85BF000B01C6 /* FeedState.swift in Sources */ = {isa = PBXBuildFile; fileRef = 41A4BAF42C6D85BF000B01C6 /* FeedState.swift */; };
		41A4BAF82C6D8600000B01C6 /* FeedObject.swift in Sources */ = {isa = PBXBuildFile; fileRef = 41A4BAF72C6D8600000B01C6 /* FeedObject.swift */; };
		41A4BAFB2C6D86F0000B01C6 /* FeedInteractor.swift in Sources */ = {isa = PBXBuildFile; fileRef = 41A4BAFA2C6D86F0000B01C6 /* FeedInteractor.swift */; };
		41A4BAFF2C6D874A000B01C6 /* LocalDataSource.swift in Sources */ = {isa = PBXBuildFile; fileRef = 41A4BAFE2C6D874A000B01C6 /* LocalDataSource.swift */; };
		41AD22D52C70F676002FFDAC /* ViewController.swift in Sources */ = {isa = PBXBuildFile; fileRef = 41AD22D42C70F676002FFDAC /* ViewController.swift */; };
		41AD22D82C70F6CA002FFDAC /* KeyboardHandle.swift in Sources */ = {isa = PBXBuildFile; fileRef = 41AD22D72C70F6CA002FFDAC /* KeyboardHandle.swift */; };
		41B9C99E2C6E30B900D43D12 /* SpentCoordinator.swift in Sources */ = {isa = PBXBuildFile; fileRef = 41B9C99D2C6E30B900D43D12 /* SpentCoordinator.swift */; };
		41B9C9A12C6E322B00D43D12 /* SpeendedViewController.swift in Sources */ = {isa = PBXBuildFile; fileRef = 41B9C9A02C6E322B00D43D12 /* SpeendedViewController.swift */; };
		41B9C9A42C6E325500D43D12 /* SpentViewModel.swift in Sources */ = {isa = PBXBuildFile; fileRef = 41B9C9A32C6E325500D43D12 /* SpentViewModel.swift */; };
		41B9C9A82C6E352400D43D12 /* SpentInteractor.swift in Sources */ = {isa = PBXBuildFile; fileRef = 41B9C9A72C6E352400D43D12 /* SpentInteractor.swift */; };
		41B9C9AB2C6E466800D43D12 /* Date.swift in Sources */ = {isa = PBXBuildFile; fileRef = 41B9C9AA2C6E466800D43D12 /* Date.swift */; };
		41B9C9AE2C6E6A4C00D43D12 /* LoadingComponent.swift in Sources */ = {isa = PBXBuildFile; fileRef = 41B9C9AD2C6E6A4C00D43D12 /* LoadingComponent.swift */; };
/* End PBXBuildFile section */

/* Begin PBXFileReference section */
		41302CEA2C684D8600E51F04 /* ControleDeGastos.app */ = {isa = PBXFileReference; explicitFileType = wrapper.application; includeInIndex = 0; path = ControleDeGastos.app; sourceTree = BUILT_PRODUCTS_DIR; };
		41302CED2C684D8600E51F04 /* AppDelegate.swift */ = {isa = PBXFileReference; lastKnownFileType = sourcecode.swift; path = AppDelegate.swift; sourceTree = "<group>"; };
		41302CEF2C684D8600E51F04 /* SceneDelegate.swift */ = {isa = PBXFileReference; lastKnownFileType = sourcecode.swift; path = SceneDelegate.swift; sourceTree = "<group>"; };
		41302CF62C684D8700E51F04 /* Assets.xcassets */ = {isa = PBXFileReference; lastKnownFileType = folder.assetcatalog; path = Assets.xcassets; sourceTree = "<group>"; };
		41302CF92C684D8700E51F04 /* Base */ = {isa = PBXFileReference; lastKnownFileType = file.storyboard; name = Base; path = Base.lproj/LaunchScreen.storyboard; sourceTree = "<group>"; };
		41302CFB2C684D8700E51F04 /* Info.plist */ = {isa = PBXFileReference; lastKnownFileType = text.plist.xml; path = Info.plist; sourceTree = "<group>"; };
		413932342C68E90600BDCB27 /* HomeCoordinator.swift */ = {isa = PBXFileReference; lastKnownFileType = sourcecode.swift; path = HomeCoordinator.swift; sourceTree = "<group>"; };
		413932382C68E93B00BDCB27 /* HomeViewController.swift */ = {isa = PBXFileReference; lastKnownFileType = sourcecode.swift; path = HomeViewController.swift; sourceTree = "<group>"; };
		4139323E2C68EBBA00BDCB27 /* FeedCoordinator.swift */ = {isa = PBXFileReference; lastKnownFileType = sourcecode.swift; path = FeedCoordinator.swift; sourceTree = "<group>"; };
		413932402C68EC4000BDCB27 /* FeedViewController.swift */ = {isa = PBXFileReference; lastKnownFileType = sourcecode.swift; path = FeedViewController.swift; sourceTree = "<group>"; };
		413A44822C6F8A39009A7A3A /* SpentState.swift */ = {isa = PBXFileReference; lastKnownFileType = sourcecode.swift; path = SpentState.swift; sourceTree = "<group>"; };
		4187BDA82C700830004A9A58 /* UITextField.swift */ = {isa = PBXFileReference; lastKnownFileType = sourcecode.swift; path = UITextField.swift; sourceTree = "<group>"; };
		41A4BAEF2C6CE928000B01C6 /* FeedTableViewCell.swift */ = {isa = PBXFileReference; lastKnownFileType = sourcecode.swift; path = FeedTableViewCell.swift; sourceTree = "<group>"; };
		41A4BAF22C6D82B1000B01C6 /* FeedViewModel.swift */ = {isa = PBXFileReference; lastKnownFileType = sourcecode.swift; path = FeedViewModel.swift; sourceTree = "<group>"; };
		41A4BAF42C6D85BF000B01C6 /* FeedState.swift */ = {isa = PBXFileReference; lastKnownFileType = sourcecode.swift; path = FeedState.swift; sourceTree = "<group>"; };
		41A4BAF72C6D8600000B01C6 /* FeedObject.swift */ = {isa = PBXFileReference; lastKnownFileType = sourcecode.swift; path = FeedObject.swift; sourceTree = "<group>"; };
		41A4BAFA2C6D86F0000B01C6 /* FeedInteractor.swift */ = {isa = PBXFileReference; lastKnownFileType = sourcecode.swift; path = FeedInteractor.swift; sourceTree = "<group>"; };
		41A4BAFE2C6D874A000B01C6 /* LocalDataSource.swift */ = {isa = PBXFileReference; lastKnownFileType = sourcecode.swift; path = LocalDataSource.swift; sourceTree = "<group>"; };
		41AD22D42C70F676002FFDAC /* ViewController.swift */ = {isa = PBXFileReference; lastKnownFileType = sourcecode.swift; path = ViewController.swift; sourceTree = "<group>"; };
		41AD22D72C70F6CA002FFDAC /* KeyboardHandle.swift */ = {isa = PBXFileReference; lastKnownFileType = sourcecode.swift; path = KeyboardHandle.swift; sourceTree = "<group>"; };
		41B9C99D2C6E30B900D43D12 /* SpentCoordinator.swift */ = {isa = PBXFileReference; lastKnownFileType = sourcecode.swift; path = SpentCoordinator.swift; sourceTree = "<group>"; };
		41B9C9A02C6E322B00D43D12 /* SpeendedViewController.swift */ = {isa = PBXFileReference; lastKnownFileType = sourcecode.swift; path = SpeendedViewController.swift; sourceTree = "<group>"; };
		41B9C9A32C6E325500D43D12 /* SpentViewModel.swift */ = {isa = PBXFileReference; lastKnownFileType = sourcecode.swift; path = SpentViewModel.swift; sourceTree = "<group>"; };
		41B9C9A72C6E352400D43D12 /* SpentInteractor.swift */ = {isa = PBXFileReference; lastKnownFileType = sourcecode.swift; path = SpentInteractor.swift; sourceTree = "<group>"; };
		41B9C9AA2C6E466800D43D12 /* Date.swift */ = {isa = PBXFileReference; lastKnownFileType = sourcecode.swift; path = Date.swift; sourceTree = "<group>"; };
		41B9C9AD2C6E6A4C00D43D12 /* LoadingComponent.swift */ = {isa = PBXFileReference; lastKnownFileType = sourcecode.swift; path = LoadingComponent.swift; sourceTree = "<group>"; };
/* End PBXFileReference section */

/* Begin PBXFrameworksBuildPhase section */
		41302CE72C684D8500E51F04 /* Frameworks */ = {
			isa = PBXFrameworksBuildPhase;
			buildActionMask = 2147483647;
			files = (
			);
			runOnlyForDeploymentPostprocessing = 0;
		};
/* End PBXFrameworksBuildPhase section */

/* Begin PBXGroup section */
		41302CE12C684D8500E51F04 = {
			isa = PBXGroup;
			children = (
				41302CEC2C684D8600E51F04 /* ControleDeGastos */,
				41302CEB2C684D8600E51F04 /* Products */,
			);
			sourceTree = "<group>";
		};
		41302CEB2C684D8600E51F04 /* Products */ = {
			isa = PBXGroup;
			children = (
				41302CEA2C684D8600E51F04 /* ControleDeGastos.app */,
			);
			name = Products;
			sourceTree = "<group>";
		};
		41302CEC2C684D8600E51F04 /* ControleDeGastos */ = {
			isa = PBXGroup;
			children = (
				41B9C9A92C6E465600D43D12 /* Extensions */,
				41B9C99C2C6E307400D43D12 /* Spent */,
				41A4BAFC2C6D8700000B01C6 /* Shared */,
				4139323C2C68EB2F00BDCB27 /* Feed */,
				413932332C68E8F300BDCB27 /* Home */,
				41302CED2C684D8600E51F04 /* AppDelegate.swift */,
				41302CEF2C684D8600E51F04 /* SceneDelegate.swift */,
				41302CF62C684D8700E51F04 /* Assets.xcassets */,
				41302CF82C684D8700E51F04 /* LaunchScreen.storyboard */,
				41302CFB2C684D8700E51F04 /* Info.plist */,
			);
			path = ControleDeGastos;
			sourceTree = "<group>";
		};
		413932332C68E8F300BDCB27 /* Home */ = {
			isa = PBXGroup;
			children = (
				413932362C68E90A00BDCB27 /* View */,
				413932342C68E90600BDCB27 /* HomeCoordinator.swift */,
			);
			path = Home;
			sourceTree = "<group>";
		};
		413932362C68E90A00BDCB27 /* View */ = {
			isa = PBXGroup;
			children = (
				413932382C68E93B00BDCB27 /* HomeViewController.swift */,
			);
			path = View;
			sourceTree = "<group>";
		};
		4139323C2C68EB2F00BDCB27 /* Feed */ = {
			isa = PBXGroup;
			children = (
				41A4BAF92C6D86E5000B01C6 /* Interactor */,
				41A4BAF62C6D85EA000B01C6 /* Model */,
				41A4BAF12C6D828F000B01C6 /* ViewModel */,
				4139323D2C68EBA100BDCB27 /* View */,
				4139323E2C68EBBA00BDCB27 /* FeedCoordinator.swift */,
			);
			path = Feed;
			sourceTree = "<group>";
		};
		4139323D2C68EBA100BDCB27 /* View */ = {
			isa = PBXGroup;
			children = (
				413932402C68EC4000BDCB27 /* FeedViewController.swift */,
				41A4BAEF2C6CE928000B01C6 /* FeedTableViewCell.swift */,
			);
			path = View;
			sourceTree = "<group>";
		};
		41A4BAF12C6D828F000B01C6 /* ViewModel */ = {
			isa = PBXGroup;
			children = (
				41A4BAF22C6D82B1000B01C6 /* FeedViewModel.swift */,
				41A4BAF42C6D85BF000B01C6 /* FeedState.swift */,
			);
			path = ViewModel;
			sourceTree = "<group>";
		};
		41A4BAF62C6D85EA000B01C6 /* Model */ = {
			isa = PBXGroup;
			children = (
				41A4BAF72C6D8600000B01C6 /* FeedObject.swift */,
			);
			path = Model;
			sourceTree = "<group>";
		};
		41A4BAF92C6D86E5000B01C6 /* Interactor */ = {
			isa = PBXGroup;
			children = (
				41A4BAFA2C6D86F0000B01C6 /* FeedInteractor.swift */,
			);
			path = Interactor;
			sourceTree = "<group>";
		};
		41A4BAFC2C6D8700000B01C6 /* Shared */ = {
			isa = PBXGroup;
			children = (
				41AD22D62C70F6AF002FFDAC /* Handler */,
				41B9C9AC2C6E6A3E00D43D12 /* Components */,
				41A4BAFD2C6D8734000B01C6 /* DataSource */,
			);
			path = Shared;
			sourceTree = "<group>";
		};
		41A4BAFD2C6D8734000B01C6 /* DataSource */ = {
			isa = PBXGroup;
			children = (
				41A4BAFE2C6D874A000B01C6 /* LocalDataSource.swift */,
			);
			path = DataSource;
			sourceTree = "<group>";
		};
		41AD22D62C70F6AF002FFDAC /* Handler */ = {
			isa = PBXGroup;
			children = (
				41AD22D72C70F6CA002FFDAC /* KeyboardHandle.swift */,
			);
			path = Handler;
			sourceTree = "<group>";
		};
		41B9C99C2C6E307400D43D12 /* Spent */ = {
			isa = PBXGroup;
			children = (
				41B9C9A62C6E34C200D43D12 /* Interactor */,
				41B9C9A22C6E324500D43D12 /* ViewModel */,
				41B9C99F2C6E320E00D43D12 /* View */,
				41B9C99D2C6E30B900D43D12 /* SpentCoordinator.swift */,
			);
			path = Spent;
			sourceTree = "<group>";
		};
		41B9C99F2C6E320E00D43D12 /* View */ = {
			isa = PBXGroup;
			children = (
				41B9C9A02C6E322B00D43D12 /* SpeendedViewController.swift */,
			);
			path = View;
			sourceTree = "<group>";
		};
		41B9C9A22C6E324500D43D12 /* ViewModel */ = {
			isa = PBXGroup;
			children = (
				41B9C9A32C6E325500D43D12 /* SpentViewModel.swift */,
				413A44822C6F8A39009A7A3A /* SpentState.swift */,
			);
			path = ViewModel;
			sourceTree = "<group>";
		};
		41B9C9A62C6E34C200D43D12 /* Interactor */ = {
			isa = PBXGroup;
			children = (
				41B9C9A72C6E352400D43D12 /* SpentInteractor.swift */,
			);
			path = Interactor;
			sourceTree = "<group>";
		};
		41B9C9A92C6E465600D43D12 /* Extensions */ = {
			isa = PBXGroup;
			children = (
				41B9C9AA2C6E466800D43D12 /* Date.swift */,
				4187BDA82C700830004A9A58 /* UITextField.swift */,
				41AD22D42C70F676002FFDAC /* ViewController.swift */,
			);
			path = Extensions;
			sourceTree = "<group>";
		};
		41B9C9AC2C6E6A3E00D43D12 /* Components */ = {
			isa = PBXGroup;
			children = (
				41B9C9AD2C6E6A4C00D43D12 /* LoadingComponent.swift */,
			);
			path = Components;
			sourceTree = "<group>";
		};
/* End PBXGroup section */

/* Begin PBXNativeTarget section */
		41302CE92C684D8500E51F04 /* ControleDeGastos */ = {
			isa = PBXNativeTarget;
			buildConfigurationList = 41302CFE2C684D8700E51F04 /* Build configuration list for PBXNativeTarget "ControleDeGastos" */;
			buildPhases = (
				41302CE62C684D8500E51F04 /* Sources */,
				41302CE72C684D8500E51F04 /* Frameworks */,
				41302CE82C684D8500E51F04 /* Resources */,
			);
			buildRules = (
			);
			dependencies = (
			);
			name = ControleDeGastos;
			productName = ControleDeGastos;
			productReference = 41302CEA2C684D8600E51F04 /* ControleDeGastos.app */;
			productType = "com.apple.product-type.application";
		};
/* End PBXNativeTarget section */

/* Begin PBXProject section */
		41302CE22C684D8500E51F04 /* Project object */ = {
			isa = PBXProject;
			attributes = {
				BuildIndependentTargetsInParallel = 1;
				LastSwiftUpdateCheck = 1540;
				LastUpgradeCheck = 1540;
				TargetAttributes = {
					41302CE92C684D8500E51F04 = {
						CreatedOnToolsVersion = 15.4;
					};
				};
			};
			buildConfigurationList = 41302CE52C684D8500E51F04 /* Build configuration list for PBXProject "ControleDeGastos" */;
			compatibilityVersion = "Xcode 14.0";
			developmentRegion = en;
			hasScannedForEncodings = 0;
			knownRegions = (
				en,
				Base,
			);
			mainGroup = 41302CE12C684D8500E51F04;
			productRefGroup = 41302CEB2C684D8600E51F04 /* Products */;
			projectDirPath = "";
			projectRoot = "";
			targets = (
				41302CE92C684D8500E51F04 /* ControleDeGastos */,
			);
		};
/* End PBXProject section */

/* Begin PBXResourcesBuildPhase section */
		41302CE82C684D8500E51F04 /* Resources */ = {
			isa = PBXResourcesBuildPhase;
			buildActionMask = 2147483647;
			files = (
				41302CF72C684D8700E51F04 /* Assets.xcassets in Resources */,
				41302CFA2C684D8700E51F04 /* Base in Resources */,
			);
			runOnlyForDeploymentPostprocessing = 0;
		};
/* End PBXResourcesBuildPhase section */

/* Begin PBXSourcesBuildPhase section */
		41302CE62C684D8500E51F04 /* Sources */ = {
			isa = PBXSourcesBuildPhase;
			buildActionMask = 2147483647;
			files = (
				413932392C68E93B00BDCB27 /* HomeViewController.swift in Sources */,
				41A4BAF02C6CE928000B01C6 /* FeedTableViewCell.swift in Sources */,
				4187BDA92C700830004A9A58 /* UITextField.swift in Sources */,
				41A4BAFB2C6D86F0000B01C6 /* FeedInteractor.swift in Sources */,
				41AD22D52C70F676002FFDAC /* ViewController.swift in Sources */,
				413932352C68E90600BDCB27 /* HomeCoordinator.swift in Sources */,
				41B9C9A82C6E352400D43D12 /* SpentInteractor.swift in Sources */,
				41302CEE2C684D8600E51F04 /* AppDelegate.swift in Sources */,
				41B9C9A42C6E325500D43D12 /* SpentViewModel.swift in Sources */,
				41A4BAF52C6D85BF000B01C6 /* FeedState.swift in Sources */,
				41B9C9A12C6E322B00D43D12 /* SpeendedViewController.swift in Sources */,
				4139323F2C68EBBA00BDCB27 /* FeedCoordinator.swift in Sources */,
				41302CF02C684D8600E51F04 /* SceneDelegate.swift in Sources */,
				41B9C9AB2C6E466800D43D12 /* Date.swift in Sources */,
				41B9C9AE2C6E6A4C00D43D12 /* LoadingComponent.swift in Sources */,
				413932412C68EC4000BDCB27 /* FeedViewController.swift in Sources */,
				41B9C99E2C6E30B900D43D12 /* SpentCoordinator.swift in Sources */,
				41A4BAF32C6D82B1000B01C6 /* FeedViewModel.swift in Sources */,
				41A4BAFF2C6D874A000B01C6 /* LocalDataSource.swift in Sources */,
				413A44832C6F8A39009A7A3A /* SpentState.swift in Sources */,
				41A4BAF82C6D8600000B01C6 /* FeedObject.swift in Sources */,
				41AD22D82C70F6CA002FFDAC /* KeyboardHandle.swift in Sources */,
			);
			runOnlyForDeploymentPostprocessing = 0;
		};
/* End PBXSourcesBuildPhase section */

/* Begin PBXVariantGroup section */
		41302CF82C684D8700E51F04 /* LaunchScreen.storyboard */ = {
			isa = PBXVariantGroup;
			children = (
				41302CF92C684D8700E51F04 /* Base */,
			);
			name = LaunchScreen.storyboard;
			sourceTree = "<group>";
		};
/* End PBXVariantGroup section */

/* Begin XCBuildConfiguration section */
		41302CFC2C684D8700E51F04 /* Debug */ = {
			isa = XCBuildConfiguration;
			buildSettings = {
				ALWAYS_SEARCH_USER_PATHS = NO;
				ASSETCATALOG_COMPILER_GENERATE_SWIFT_ASSET_SYMBOL_EXTENSIONS = YES;
				CLANG_ANALYZER_NONNULL = YES;
				CLANG_ANALYZER_NUMBER_OBJECT_CONVERSION = YES_AGGRESSIVE;
				CLANG_CXX_LANGUAGE_STANDARD = "gnu++20";
				CLANG_ENABLE_MODULES = YES;
				CLANG_ENABLE_OBJC_ARC = YES;
				CLANG_ENABLE_OBJC_WEAK = YES;
				CLANG_WARN_BLOCK_CAPTURE_AUTORELEASING = YES;
				CLANG_WARN_BOOL_CONVERSION = YES;
				CLANG_WARN_COMMA = YES;
				CLANG_WARN_CONSTANT_CONVERSION = YES;
				CLANG_WARN_DEPRECATED_OBJC_IMPLEMENTATIONS = YES;
				CLANG_WARN_DIRECT_OBJC_ISA_USAGE = YES_ERROR;
				CLANG_WARN_DOCUMENTATION_COMMENTS = YES;
				CLANG_WARN_EMPTY_BODY = YES;
				CLANG_WARN_ENUM_CONVERSION = YES;
				CLANG_WARN_INFINITE_RECURSION = YES;
				CLANG_WARN_INT_CONVERSION = YES;
				CLANG_WARN_NON_LITERAL_NULL_CONVERSION = YES;
				CLANG_WARN_OBJC_IMPLICIT_RETAIN_SELF = YES;
				CLANG_WARN_OBJC_LITERAL_CONVERSION = YES;
				CLANG_WARN_OBJC_ROOT_CLASS = YES_ERROR;
				CLANG_WARN_QUOTED_INCLUDE_IN_FRAMEWORK_HEADER = YES;
				CLANG_WARN_RANGE_LOOP_ANALYSIS = YES;
				CLANG_WARN_STRICT_PROTOTYPES = YES;
				CLANG_WARN_SUSPICIOUS_MOVE = YES;
				CLANG_WARN_UNGUARDED_AVAILABILITY = YES_AGGRESSIVE;
				CLANG_WARN_UNREACHABLE_CODE = YES;
				CLANG_WARN__DUPLICATE_METHOD_MATCH = YES;
				COPY_PHASE_STRIP = NO;
				DEBUG_INFORMATION_FORMAT = dwarf;
				ENABLE_STRICT_OBJC_MSGSEND = YES;
				ENABLE_TESTABILITY = YES;
				ENABLE_USER_SCRIPT_SANDBOXING = YES;
				GCC_C_LANGUAGE_STANDARD = gnu17;
				GCC_DYNAMIC_NO_PIC = NO;
				GCC_NO_COMMON_BLOCKS = YES;
				GCC_OPTIMIZATION_LEVEL = 0;
				GCC_PREPROCESSOR_DEFINITIONS = (
					"DEBUG=1",
					"$(inherited)",
				);
				GCC_WARN_64_TO_32_BIT_CONVERSION = YES;
				GCC_WARN_ABOUT_RETURN_TYPE = YES_ERROR;
				GCC_WARN_UNDECLARED_SELECTOR = YES;
				GCC_WARN_UNINITIALIZED_AUTOS = YES_AGGRESSIVE;
				GCC_WARN_UNUSED_FUNCTION = YES;
				GCC_WARN_UNUSED_VARIABLE = YES;
				IPHONEOS_DEPLOYMENT_TARGET = 17.5;
				LOCALIZATION_PREFERS_STRING_CATALOGS = YES;
				MTL_ENABLE_DEBUG_INFO = INCLUDE_SOURCE;
				MTL_FAST_MATH = YES;
				ONLY_ACTIVE_ARCH = YES;
				SDKROOT = iphoneos;
				SWIFT_ACTIVE_COMPILATION_CONDITIONS = "DEBUG $(inherited)";
				SWIFT_OPTIMIZATION_LEVEL = "-Onone";
			};
			name = Debug;
		};
		41302CFD2C684D8700E51F04 /* Release */ = {
			isa = XCBuildConfiguration;
			buildSettings = {
				ALWAYS_SEARCH_USER_PATHS = NO;
				ASSETCATALOG_COMPILER_GENERATE_SWIFT_ASSET_SYMBOL_EXTENSIONS = YES;
				CLANG_ANALYZER_NONNULL = YES;
				CLANG_ANALYZER_NUMBER_OBJECT_CONVERSION = YES_AGGRESSIVE;
				CLANG_CXX_LANGUAGE_STANDARD = "gnu++20";
				CLANG_ENABLE_MODULES = YES;
				CLANG_ENABLE_OBJC_ARC = YES;
				CLANG_ENABLE_OBJC_WEAK = YES;
				CLANG_WARN_BLOCK_CAPTURE_AUTORELEASING = YES;
				CLANG_WARN_BOOL_CONVERSION = YES;
				CLANG_WARN_COMMA = YES;
				CLANG_WARN_CONSTANT_CONVERSION = YES;
				CLANG_WARN_DEPRECATED_OBJC_IMPLEMENTATIONS = YES;
				CLANG_WARN_DIRECT_OBJC_ISA_USAGE = YES_ERROR;
				CLANG_WARN_DOCUMENTATION_COMMENTS = YES;
				CLANG_WARN_EMPTY_BODY = YES;
				CLANG_WARN_ENUM_CONVERSION = YES;
				CLANG_WARN_INFINITE_RECURSION = YES;
				CLANG_WARN_INT_CONVERSION = YES;
				CLANG_WARN_NON_LITERAL_NULL_CONVERSION = YES;
				CLANG_WARN_OBJC_IMPLICIT_RETAIN_SELF = YES;
				CLANG_WARN_OBJC_LITERAL_CONVERSION = YES;
				CLANG_WARN_OBJC_ROOT_CLASS = YES_ERROR;
				CLANG_WARN_QUOTED_INCLUDE_IN_FRAMEWORK_HEADER = YES;
				CLANG_WARN_RANGE_LOOP_ANALYSIS = YES;
				CLANG_WARN_STRICT_PROTOTYPES = YES;
				CLANG_WARN_SUSPICIOUS_MOVE = YES;
				CLANG_WARN_UNGUARDED_AVAILABILITY = YES_AGGRESSIVE;
				CLANG_WARN_UNREACHABLE_CODE = YES;
				CLANG_WARN__DUPLICATE_METHOD_MATCH = YES;
				COPY_PHASE_STRIP = NO;
				DEBUG_INFORMATION_FORMAT = "dwarf-with-dsym";
				ENABLE_NS_ASSERTIONS = NO;
				ENABLE_STRICT_OBJC_MSGSEND = YES;
				ENABLE_USER_SCRIPT_SANDBOXING = YES;
				GCC_C_LANGUAGE_STANDARD = gnu17;
				GCC_NO_COMMON_BLOCKS = YES;
				GCC_WARN_64_TO_32_BIT_CONVERSION = YES;
				GCC_WARN_ABOUT_RETURN_TYPE = YES_ERROR;
				GCC_WARN_UNDECLARED_SELECTOR = YES;
				GCC_WARN_UNINITIALIZED_AUTOS = YES_AGGRESSIVE;
				GCC_WARN_UNUSED_FUNCTION = YES;
				GCC_WARN_UNUSED_VARIABLE = YES;
				IPHONEOS_DEPLOYMENT_TARGET = 17.5;
				LOCALIZATION_PREFERS_STRING_CATALOGS = YES;
				MTL_ENABLE_DEBUG_INFO = NO;
				MTL_FAST_MATH = YES;
				SDKROOT = iphoneos;
				SWIFT_COMPILATION_MODE = wholemodule;
				VALIDATE_PRODUCT = YES;
			};
			name = Release;
		};
		41302CFF2C684D8700E51F04 /* Debug */ = {
			isa = XCBuildConfiguration;
			buildSettings = {
				ASSETCATALOG_COMPILER_APPICON_NAME = AppIcon;
				ASSETCATALOG_COMPILER_GLOBAL_ACCENT_COLOR_NAME = AccentColor;
				CODE_SIGN_STYLE = Automatic;
				CURRENT_PROJECT_VERSION = 1;
				GENERATE_INFOPLIST_FILE = YES;
				INFOPLIST_FILE = ControleDeGastos/Info.plist;
				INFOPLIST_KEY_UIApplicationSupportsIndirectInputEvents = YES;
				INFOPLIST_KEY_UILaunchStoryboardName = LaunchScreen;
				INFOPLIST_KEY_UISupportedInterfaceOrientations_iPad = "UIInterfaceOrientationPortrait UIInterfaceOrientationPortraitUpsideDown UIInterfaceOrientationLandscapeLeft UIInterfaceOrientationLandscapeRight";
				INFOPLIST_KEY_UISupportedInterfaceOrientations_iPhone = "UIInterfaceOrientationPortrait UIInterfaceOrientationLandscapeLeft UIInterfaceOrientationLandscapeRight";
				LD_RUNPATH_SEARCH_PATHS = (
					"$(inherited)",
					"@executable_path/Frameworks",
				);
				MARKETING_VERSION = 1.0;
				PRODUCT_BUNDLE_IDENTIFIER = com.nata.romao.ControleDeGastos;
				PRODUCT_NAME = "$(TARGET_NAME)";
				SWIFT_EMIT_LOC_STRINGS = YES;
				SWIFT_VERSION = 5.0;
				TARGETED_DEVICE_FAMILY = "1,2";
			};
			name = Debug;
		};
		41302D002C684D8700E51F04 /* Release */ = {
			isa = XCBuildConfiguration;
			buildSettings = {
				ASSETCATALOG_COMPILER_APPICON_NAME = AppIcon;
				ASSETCATALOG_COMPILER_GLOBAL_ACCENT_COLOR_NAME = AccentColor;
				CODE_SIGN_STYLE = Automatic;
				CURRENT_PROJECT_VERSION = 1;
				GENERATE_INFOPLIST_FILE = YES;
				INFOPLIST_FILE = ControleDeGastos/Info.plist;
				INFOPLIST_KEY_UIApplicationSupportsIndirectInputEvents = YES;
				INFOPLIST_KEY_UILaunchStoryboardName = LaunchScreen;
				INFOPLIST_KEY_UISupportedInterfaceOrientations_iPad = "UIInterfaceOrientationPortrait UIInterfaceOrientationPortraitUpsideDown UIInterfaceOrientationLandscapeLeft UIInterfaceOrientationLandscapeRight";
				INFOPLIST_KEY_UISupportedInterfaceOrientations_iPhone = "UIInterfaceOrientationPortrait UIInterfaceOrientationLandscapeLeft UIInterfaceOrientationLandscapeRight";
				LD_RUNPATH_SEARCH_PATHS = (
					"$(inherited)",
					"@executable_path/Frameworks",
				);
				MARKETING_VERSION = 1.0;
				PRODUCT_BUNDLE_IDENTIFIER = com.nata.romao.ControleDeGastos;
				PRODUCT_NAME = "$(TARGET_NAME)";
				SWIFT_EMIT_LOC_STRINGS = YES;
				SWIFT_VERSION = 5.0;
				TARGETED_DEVICE_FAMILY = "1,2";
			};
			name = Release;
		};
/* End XCBuildConfiguration section */

/* Begin XCConfigurationList section */
		41302CE52C684D8500E51F04 /* Build configuration list for PBXProject "ControleDeGastos" */ = {
			isa = XCConfigurationList;
			buildConfigurations = (
				41302CFC2C684D8700E51F04 /* Debug */,
				41302CFD2C684D8700E51F04 /* Release */,
			);
			defaultConfigurationIsVisible = 0;
			defaultConfigurationName = Release;
		};
		41302CFE2C684D8700E51F04 /* Build configuration list for PBXNativeTarget "ControleDeGastos" */ = {
			isa = XCConfigurationList;
			buildConfigurations = (
				41302CFF2C684D8700E51F04 /* Debug */,
				41302D002C684D8700E51F04 /* Release */,
			);
			defaultConfigurationIsVisible = 0;
			defaultConfigurationName = Release;
		};
/* End XCConfigurationList section */
	};
	rootObject = 41302CE22C684D8500E51F04 /* Project object */;
}
